{
  "lockfileVersion": 1,
  "configVersion": 1,
  "workspaces": {
    "": {
      "name": "proxy-ts",
      "dependencies": {
        "hono": "^4.13.13",
        "jose": "^6.2.12",
        "lru-cache": "^11.5.3",
        "openid-client": "^6.8.8",
        "pino": "^10.4.0",
        "zod": "^4.6.5",
      },
      "devDependencies": {
        "@biomejs/biome": "^2.5.15",
        "@types/bun": "latest",
        "lefthook": "^2.1.16",
      },
    },
  },
  "packages": {
    "@biomejs/biome": ["@biomejs/biome@2.5.15", "", { "optionalDependencies": { "@biomejs/cli-darwin-arm64": "2.5.15", "@biomejs/cli-darwin-x64": "2.5.15", "@biomejs/cli-linux-arm64": "2.5.15", "@biomejs/cli-linux-arm64-musl": "2.5.15", "@biomejs/cli-linux-x64": "2.5.15", "@biomejs/cli-linux-x64-musl": "2.5.15", "@biomejs/cli-win32-arm64": "2.5.15", "@biomejs/cli-win32-x64": "2.5.15" }, "bin": { "biome": "bin/biome" } }, "sha512-WZTW4slm/pdkh92K6t/3aEN++44JD1PQ7squ7RCMLI1flHGl43DVOIGXvCjHiZgBMO1V4uYxoFNtqrIA4qGuIQ=="],

    "@biomejs/cli-darwin-arm64": ["@biomejs/cli-darwin-arm64@2.5.15", "", { "os": "darwin", "cpu": "arm64" }, "sha512-BZVzFhJ/mUvTLMYbc9x6el0o2Uv5zP7bACYyhFb6fSc1giroXm7PL0a5KqMJ9F+/BnkYRjagD/ROSDVOZ6eapg=="],

    "@biomejs/cli-darwin-x64": ["@biomejs/cli-darwin-x64@2.5.15", "", { "os": "darwin", "cpu": "x64" }, "sha512-V5Kw63V+fVGNFhFrizDxMbGXAzZCh8kYzJpy3GI6gTapWDg7bZK9oYC9CbVgQSEdTnupz0U5Efz8Ev+5vdBBXw=="],

    "@biomejs/cli-linux-arm64": ["@biomejs/cli-linux-arm64@2.5.15", "", { "os": "linux", "cpu": "arm64" }, "sha512-XaG7P7eeSLYETD3K9grfB0mQmpLQZjygdbsxekWBJAg4am79fGAtRpfRyNnTvXB2fZFNnJZG3nXm7HBat0+VUw=="],

    "@biomejs/cli-linux-arm64-musl": ["@biomejs/cli-linux-arm64-musl@2.5.15", "", { "os": "linux", "cpu": "arm64" }, "sha512-tGzZUTcJCV7tj5Adh/Gn6nR4MycqA3iohq2LEcrarAgRBkU0h0OKd2UzCRkOsOYOuUGaUJb4YmqRqyy2feGGSw=="],

    "@biomejs/cli-linux-x64": ["@biomejs/cli-linux-x64@2.5.15", "", { "os": "linux", "cpu": "x64" }, "sha512-xE4iEW/3LqlYj9GFgGrFsFSH51dEEpUbYWBfeOv0q87WkUDxK2o/HhreSb7qMJqck70RVM6Lg96hgedcAYcOkA=="],

    "@biomejs/cli-linux-x64-musl": ["@biomejs/cli-linux-x64-musl@2.5.15", "", { "os": "linux", "cpu": "x64" }, "sha512-IlxUcyxilVGPsE008x13pWdkTbU3nQpP2i9b5UrbOYj6goBkKsRX1XB7yJLcV+O1H9LBchIIm4adOaVLZBX0ZQ=="],

    "@biomejs/cli-win32-arm64": ["@biomejs/cli-win32-arm64@2.5.15", "", { "os": "win32", "cpu": "arm64" }, "sha512-2kPKzhNlm8C+Ru3GcO0Me2ODkCBLrVOUNuyi84RJyWDVKAA4+Kjj3jMjL938lF6BRfvltC4vB2nPY9SvN51Ovg=="],

    "@biomejs/cli-win32-x64": ["@biomejs/cli-win32-x64@2.5.15", "", { "os": "win32", "cpu": "x64" }, "sha512-yAzh4UqEImV6Hcy0zjUqNfJAsUhoD64FBQCdTG8Md/Z2wQeVP/ZmJ3XRYAs1g8J9fjTFyl2fCtc5FB5til47+g=="],

    "@pinojs/redact": ["@pinojs/redact@0.4.0", "", {}, "sha512-k2ENnmBugE/rzQfEcdWHcCY+/FM3VLzH9cYEsbdsoqrvzAKRhUZeRNhAZvB8OitQJ1TBed3yqWtdjzS6wJKBwg=="],

    "@types/bun": ["@types/bun@1.4.2", "", { "dependencies": { "bun-types": "1.4.2" } }, "sha512-GimotNn7+ZV0uVArItBbriZsR1oNf0+WTzPkdcFrzShI7k2norL0uzEaJT8T33dWr7O/c9ZDuAFQrctKCi72oQ=="],

    "@types/node": ["@types/node@26.1.1", "", { "dependencies": { "undici-types": "~8.3.0" } }, "sha512-nxAkRSVkN1Y0JC1W8ky/fTfkGsMmcrRsbx+3XoZE+rMOX71kLYTV7fLXpqud1GpbpP5TuffXFqfX7fH2GgZREw=="],

    "atomic-sleep": ["atomic-sleep@1.0.0", "", {}, "sha512-kNOjDqAh7px0XWNI+4QbzoiR/nTkHAWNud2uvnJquD1/x5a7EQZMJT0AczqK0Qn67oY/TTQ1LbUKajZpp3I9tQ=="],

    "bun-types": ["bun-types@1.4.2", "", { "dependencies": { "@types/node": "*" } }, "sha512-bxV1FgK7yBIzjRe5zBozIM4Bem11ZJcCXSrjWRG3YWLt8yFDePu4cLjpebO8OvPeIE9trbyPF4fuj3Cia4Fj3w=="],

    "hono": ["hono@4.13.13", "", {}, "sha512-CQ46U0ZkAGmbT/4UxdzzGJpacP2IeKgY4a5/tOI9AABbpOMfK739wfDXmv1usCk+3RkKj1hQy4/fjhiwa2xlrA=="],

    "jose": ["jose@6.2.12", "", {}, "sha512-9NiFmJEex0sy2Dk58j2UGBSHgUs2ypF9eZSu4L6vjOX3Dp96Sw1F3uL+H+D1sx02jZZdzUT0HgvCy59CuvXcWw=="],

    "lefthook": ["lefthook@2.1.16", "", { "optionalDependencies": { "lefthook-darwin-arm64": "2.1.16", "lefthook-darwin-x64": "2.1.16", "lefthook-freebsd-arm64": "2.1.16", "lefthook-freebsd-x64": "2.1.16", "lefthook-linux-arm64": "2.1.16", "lefthook-linux-x64": "2.1.16", "lefthook-openbsd-arm64": "2.1.16", "lefthook-openbsd-x64": "2.1.16", "lefthook-windows-arm64": "2.1.16", "lefthook-windows-x64": "2.1.16" }, "bin": { "lefthook": "bin/index.js" } }, "sha512-U69YGDNsZ7R+umeSzdLzORNCHQFz/w4LKyNTjJQcGrQRQCr8hlCJfJwwm9sqq9Uc5N6dImS58ywURA0FkqoHlg=="],

    "lefthook-darwin-arm64": ["lefthook-darwin-arm64@2.1.16", "", { "os": "darwin", "cpu": "arm64" }, "sha512-oOjS1mn3UGNfo72UtR9VJMyulgbjvLkv5KEmJVgfWiO8wZ4Z469o2ZllvH5FrHluzv4Hlkc9OG+vnCP+5/ztMA=="],

    "lefthook-darwin-x64": ["lefthook-darwin-x64@2.1.16", "", { "os": "darwin", "cpu": "x64" }, "sha512-/thON8TbzsqXBjF0hkVPsisBJOKGfss0+lVqcJ0jNwaRDIQSn6Frsn7c9eqs7uyMNEQKUVLTeIkpwPrNldT8JA=="],

    "lefthook-freebsd-arm64": ["lefthook-freebsd-arm64@2.1.16", "", { "os": "freebsd", "cpu": "arm64" }, "sha512-Eg7s0gcGwZnQqYyWTfOqb+2qupXtmHt/XHftXJvLhTaTMXR6uQbAyl7ceYTl2wH43AOCLrJ5BMMdqlWJaj/EbA=="],

    "lefthook-freebsd-x64": ["lefthook-freebsd-x64@2.1.16", "", { "os": "freebsd", "cpu": "x64" }, "sha512-vCmyKLO8mtAf+hm8rpfAlt4wQ23S7AGnlT6JlrLPBSt5V8J2kXuI/N1W2XQbWx6OqckqchhBdLQP3Xh4IiYBXA=="],

    "lefthook-linux-arm64": ["lefthook-linux-arm64@2.1.16", "", { "os": "linux", "cpu": "arm64" }, "sha512-zMEZ8x+PzXqjouEFsf2lWt2o0p5yvvT0YP0CpJC41y4FIRusx0sy3l+cjvKRIysLGOzKMr4V3/fE6w7f2KgwUw=="],

    "lefthook-linux-x64": ["lefthook-linux-x64@2.1.16", "", { "os": "linux", "cpu": "x64" }, "sha512-HdfNz3z5hzrEXyP5KC51os+2M6BThL4qMfu8rB777tbXzf7WMoxf/FV6mnzoqM1RN0K+KJAQYbnJatfPQhqusQ=="],

    "lefthook-openbsd-arm64": ["lefthook-openbsd-arm64@2.1.16", "", { "os": "openbsd", "cpu": "arm64" }, "sha512-zKkyN/ocUXOzFaLPn3ciucJ6CYcnUmqFsIwp7ge96sQ8l83omxL9rK0/KvSsMcus+TfHTNN+DFWVJxeMepPVtQ=="],

    "lefthook-openbsd-x64": ["lefthook-openbsd-x64@2.1.16", "", { "os": "openbsd", "cpu": "x64" }, "sha512-Ptu0D2JK1COlDK1lcr7F6WDGkCzQ80ozeTrqNzPEyBjUdZAFLwR5K5gWgaRtR06RSoYDC72RFxKM1QYnsfF0rQ=="],

    "lefthook-windows-arm64": ["lefthook-windows-arm64@2.1.16", "", { "os": "win32", "cpu": "arm64" }, "sha512-YTzFJwlF3qbHx+CCuiyDmDPASh6mYBp1I8zfTeGKI3L24Eoct6FUaGUlfAoz8SI3DECPmBhfNgAK4dZlX9Hd5g=="],

    "lefthook-windows-x64": ["lefthook-windows-x64@2.1.16", "", { "os": "win32", "cpu": "x64" }, "sha512-mQVpfaagdIZPJCGDeedRnslyd9JTc13vjmp02uu4X7cr/VZK94obwk96dhgsRp9+LL1XMhX5zTcb0zNLo1hC+A=="],

    "lru-cache": ["lru-cache@11.5.3", "", {}, "sha512-U4N8FgzmWxc8k1VH8Kr6lQg18U7Fjvby6wXHVRX/ZZ7IwWbRMgrRbP0Wrb5q5NVinryp4SQampHKdvtecItxUg=="],

    "oauth4webapi": ["oauth4webapi@3.8.8", "", {}, "sha512-8N28E+a/oxfXWBgOMt+ZP/JUf/XR+IFbvkAEPP3gznXOMv9BpAAwiIj0TFNz3tGTPc0ZQ8zmWBNgN1nAys0gng=="],

    "on-exit-leak-free": ["on-exit-leak-free@2.1.2", "", {}, "sha512-0eJJY6hXLGf1udHwfNftBqH+g73EU4B504nZeKpz1sYRKafAghwxEJunB2O7rDZkL4PGfsMVnTXZ2EjibbqcsA=="],

    "openid-client": ["openid-client@6.8.8", "", { "dependencies": { "jose": "^6.2.12", "oauth4webapi": "^3.8.8" } }, "sha512-ZsucJA5Ad04Uv7YN4ql+s4GXNmb9uAYQwyJTsJx7CH/MX3JZioLE2pVKi1SC+YrbSLA4Px3Gi30dMjgOZtb6pA=="],

    "pino": ["pino@10.4.0", "", { "dependencies": { "@pinojs/redact": "^0.4.0", "atomic-sleep": "^1.0.0", "on-exit-leak-free": "^2.1.0", "pino-abstract-transport": "^3.0.0", "pino-std-serializers": "^7.0.0", "process-warning": "^5.0.0", "quick-format-unescaped": "^4.0.3", "real-require": "^1.0.0", "safe-stable-stringify": "^2.3.1", "sonic-boom": "^4.0.1", "thread-stream": "^4.0.0" }, "bin": { "pino": "bin.js" } }, "sha512-bk1ZMTwG/Vymx+zPoa28MhNzucFvXJWp3csrSuxuHPSMeUettaCoQ5Jvg07mtC4JGNpcfTwz41oVCnNgBK9+vA=="],

    "pino-abstract-transport": ["pino-abstract-transport@3.0.0", "", { "dependencies": { "split2": "^4.0.0" } }, "sha512-wlfUczU+n7Hy/Ha5j9a/gZNy7We5+cXp8YL+X+PG8S0KXxw7n/JXA3c46Y0zQznIJ83URJiwy7Lh56WLokNuxg=="],

    "pino-std-serializers": ["pino-std-serializers@7.1.0", "", {}, "sha512-BndPH67/JxGExRgiX1dX0w1FvZck5Wa4aal9198SrRhZjH3GxKQUKIBnYJTdj2HDN3UQAS06HlfcSbQj2OHmaw=="],

    "process-warning": ["process-warning@5.0.0", "", {}, "sha512-a39t9ApHNx2L4+HBnQKqxxHNs1r7KF+Intd8Q/g1bUh6q0WIp9voPXJ/x0j+ZL45KF1pJd9+q2jLIRMfvEshkA=="],

    "quick-format-unescaped": ["quick-format-unescaped@4.0.4", "", {}, "sha512-tYC1Q1hgyRuHgloV/YXs2w15unPVh8qfu/qCTfhTYamaw7fyhumKa2yGpdSo87vY32rIclj+4fWYQXUMs9EHvg=="],

    "real-require": ["real-require@1.0.0", "", {}, "sha512-P4nbQYQfePJxRSmY+v/KINxVucm4NF3p3s7pJveMTtom52FR4YGltUQLB8idDXwDDWW+eYrWDFbuzUnjoWHF7g=="],

    "safe-stable-stringify": ["safe-stable-stringify@2.5.0", "", {}, "sha512-b3rppTKm9T+PsVCBEOUR46GWI7fdOs00VKZ1+9c1EWDaDMvjQc6tUwuFyIprgGgTcWoVHSKrU8H31ZHA2e0RHA=="],

    "sonic-boom": ["sonic-boom@4.2.1", "", { "dependencies": { "atomic-sleep": "^1.0.0" } }, "sha512-w6AxtubXa2wTXAUsZMMWERrsIRAdrK0Sc+FUytWvYAhBJLyuI4llrMIC1DtlNSdI99EI86KZum2MMq3EAZlF9Q=="],

    "split2": ["split2@4.2.0", "", {}, "sha512-UcjcJOWknrNkF6PLX83qcHM6KHgVKNkV62Y8a5uYDVv9ydGQVwAHMKqHdJje1VTWpljG0WYpCDhrCdAOYH4TWg=="],

    "thread-stream": ["thread-stream@4.2.0", "", { "dependencies": { "real-require": "^1.0.0" } }, "sha512-e2zZ96wSChazBsbENf/Pcm/4swHt2cEKQ92rhUjkL9GCKiTDJIaTBenjE/m9DXi0QBmTMDkFDdOomUy20A1tDQ=="],

    "undici-types": ["undici-types@8.3.0", "", {}, "sha512-j375ScV60dom+YkPFIfTLcOiPxkN/buHz5GobjLhixFuANaNs3C9l4GmrWqejgXWJ7BbJcFYpTEUkS1Ge8bpZQ=="],

    "zod": ["zod@4.6.5", "", {}, "sha512-v5l/aFXZQeai4awLbOpSoHecE9UiMrnfx75tEXLjNonXVARxQ5mOeipTjROUchszUNCqnE+hqAMujRsRHsut2Q=="],
  }
}
